
Microsoft Visual Studio Solution File, Format Version 12.00
# Visual Studio Version 17
VisualStudioVersion = 17.12.35514.174 d17.12
MinimumVisualStudioVersion = 10.0.40219.1
Project("{FAE04EC0-301F-11D3-BF4B-00C04F79EFBC}") = "CourseWorkWeb.Server", "CourseWorkWeb.Server\CourseWorkWeb.Server.csproj", "{9AE3AB60-2BB7-42BF-A27F-41D9F25F849A}"
EndProject
Project("{54A90642-561A-4BB1-A94E-469ADEE60C69}") = "courseworkweb.client", "courseworkweb.client\courseworkweb.client.esproj", "{7D341BCF-A827-4A67-BF1D-9FF2D4DBA5F3}"
EndProject
Global
	GlobalSection(SolutionConfigurationPlatforms) = preSolution
		Debug|Any CPU = Debug|Any CPU
		Release|Any CPU = Release|Any CPU
	EndGlobalSection
	GlobalSection(ProjectConfigurationPlatforms) = postSolution
		{9AE3AB60-2BB7-42BF-A27F-41D9F25F849A}.Debug|Any CPU.ActiveCfg = Debug|Any CPU
		{9AE3AB60-2BB7-42BF-A27F-41D9F25F849A}.Debug|Any CPU.Build.0 = Debug|Any CPU
		{9AE3AB60-2BB7-42BF-A27F-41D9F25F849A}.Release|Any CPU.ActiveCfg = Release|Any CPU
		{9AE3AB60-2BB7-42BF-A27F-41D9F25F849A}.Release|Any CPU.Build.0 = Release|Any CPU
		{7D341BCF-A827-4A67-BF1D-9FF2D4DBA5F3}.Debug|Any CPU.ActiveCfg = Debug|Any CPU
		{7D341BCF-A827-4A67-BF1D-9FF2D4DBA5F3}.Debug|Any CPU.Build.0 = Debug|Any CPU
		{7D341BCF-A827-4A67-BF1D-9FF2D4DBA5F3}.Debug|Any CPU.Deploy.0 = Debug|Any CPU
		{7D341BCF-A827-4A67-BF1D-9FF2D4DBA5F3}.Release|Any CPU.ActiveCfg = Release|Any CPU
		{7D341BCF-A827-4A67-BF1D-9FF2D4DBA5F3}.Release|Any CPU.Build.0 = Release|Any CPU
		{7D341BCF-A827-4A67-BF1D-9FF2D4DBA5F3}.Release|Any CPU.Deploy.0 = Release|Any CPU
	EndGlobalSection
	GlobalSection(SolutionProperties) = preSolution
		HideSolutionNode = FALSE
	EndGlobalSection
EndGlobal
